
Microsoft Visual Studio Solution File, Format Version 12.00
# Visual Studio Version 17
VisualStudioVersion = 17.3.32901.215
MinimumVisualStudioVersion = 10.0.40219.1
Project("{9A19103F-16F7-4668-BE54-9A1E7A4F7556}") = "VassaSpraket-TW", "VassaSpraket-TW\VassaSpraket-TW.csproj", "{2A1D38A2-C94A-4C55-82B2-2C80FCCAF793}"
EndProject
Project("{FAE04EC0-301F-11D3-BF4B-00C04F79EFBC}") = "VassaSpraket-TW.Data", "VassaSpraket-TW.Data\VassaSpraket-TW.Data.csproj", "{63A1E878-2295-4886-8FA2-D649D3BCB2D0}"
EndProject
Global
	GlobalSection(SolutionConfigurationPlatforms) = preSolution
		Debug|Any CPU = Debug|Any CPU
		Release|Any CPU = Release|Any CPU
	EndGlobalSection
	GlobalSection(ProjectConfigurationPlatforms) = postSolution
		{2A1D38A2-C94A-4C55-82B2-2C80FCCAF793}.Debug|Any CPU.ActiveCfg = Debug|Any CPU
		{2A1D38A2-C94A-4C55-82B2-2C80FCCAF793}.Debug|Any CPU.Build.0 = Debug|Any CPU
		{2A1D38A2-C94A-4C55-82B2-2C80FCCAF793}.Release|Any CPU.ActiveCfg = Release|Any CPU
		{2A1D38A2-C94A-4C55-82B2-2C80FCCAF793}.Release|Any CPU.Build.0 = Release|Any CPU
		{63A1E878-2295-4886-8FA2-D649D3BCB2D0}.Debug|Any CPU.ActiveCfg = Debug|Any CPU
		{63A1E878-2295-4886-8FA2-D649D3BCB2D0}.Debug|Any CPU.Build.0 = Debug|Any CPU
		{63A1E878-2295-4886-8FA2-D649D3BCB2D0}.Release|Any CPU.ActiveCfg = Release|Any CPU
		{63A1E878-2295-4886-8FA2-D649D3BCB2D0}.Release|Any CPU.Build.0 = Release|Any CPU
	EndGlobalSection
	GlobalSection(SolutionProperties) = preSolution
		HideSolutionNode = FALSE
	EndGlobalSection
	GlobalSection(ExtensibilityGlobals) = postSolution
		SolutionGuid = {853FEF1A-98C6-4296-99D9-7C03BFD7F074}
	EndGlobalSection
EndGlobal
